dependencies:
  espressif/cjson:
    component_hash: e788323270d90738662d66fffa910bfe1fba019bba087f01557e70c40485b469
    dependencies:
    - name: idf
      require: private
      version: '>=5.0'
    source:
      registry_url: https://components.espressif.com/
      type: service
    version: 1.7.19~2
  idf:
    source:
      type: idf
    version: 6.0.1
  joltwallet/littlefs:
    component_hash: 29eff7921c4e8bce021aeb7fff2723bfcafed661756de700646ea0f6223c2a32
    dependencies:
    - name: idf
      require: private
      version: '>=5.0'
    source:
      registry_url: https://components.espressif.com/
      type: service
    version: 1.21.1
direct_dependencies:
- espressif/cjson
- joltwallet/littlefs
manifest_hash: 08c2c4fd137099091e1cb8e70a9ab1dfeeb7955dad51b1a0f58710bc9d5fde1c
target: esp32s3
version: 3.0.0
